
Microsoft Visual Studio Solution File, Format Version 12.00
# Visual Studio 14
VisualStudioVersion = 14.0.23107.0
MinimumVisualStudioVersion = 10.0.40219.1
Project("{8BC9CEB8-8B4A-11D0-8D11-00A0C91BC942}") = "test_rotating_cube", "tests\test_core_rotating_cube\test_rotating_cube.vcxproj", "{E11AC909-E4F3-4EF8-BA80-135ED0454770}"
	ProjectSection(ProjectDependencies) = postProject
		{BFF1AD5F-469C-4EBE-8C53-698DAE473A13} = {BFF1AD5F-469C-4EBE-8C53-698DAE473A13}
	EndProjectSection
EndProject
Project("{8BC9CEB8-8B4A-11D0-8D11-00A0C91BC942}") = "grafkit", "src\api\grafkit.vcxproj", "{BFF1AD5F-469C-4EBE-8C53-698DAE473A13}"
EndProject
Project("{8BC9CEB8-8B4A-11D0-8D11-00A0C91BC942}") = "test_load_models", "tests\test_core_loading_object\test_load_models.vcxproj", "{3729E1B2-5D53-4AF0-9F65-CFF7BD2AF6AE}"
EndProject
Global
	GlobalSection(SolutionConfigurationPlatforms) = preSolution
		Debug|x64 = Debug|x64
		Debug|x86 = Debug|x86
		Release|x64 = Release|x64
		Release|x86 = Release|x86
	EndGlobalSection
	GlobalSection(ProjectConfigurationPlatforms) = postSolution
		{E11AC909-E4F3-4EF8-BA80-135ED0454770}.Debug|x64.ActiveCfg = Debug|x64
		{E11AC909-E4F3-4EF8-BA80-135ED0454770}.Debug|x64.Build.0 = Debug|x64
		{E11AC909-E4F3-4EF8-BA80-135ED0454770}.Debug|x86.ActiveCfg = Debug|Win32
		{E11AC909-E4F3-4EF8-BA80-135ED0454770}.Debug|x86.Build.0 = Debug|Win32
		{E11AC909-E4F3-4EF8-BA80-135ED0454770}.Release|x64.ActiveCfg = Release|x64
		{E11AC909-E4F3-4EF8-BA80-135ED0454770}.Release|x64.Build.0 = Release|x64
		{E11AC909-E4F3-4EF8-BA80-135ED0454770}.Release|x86.ActiveCfg = Release|Win32
		{E11AC909-E4F3-4EF8-BA80-135ED0454770}.Release|x86.Build.0 = Release|Win32
		{BFF1AD5F-469C-4EBE-8C53-698DAE473A13}.Debug|x64.ActiveCfg = Debug|x64
		{BFF1AD5F-469C-4EBE-8C53-698DAE473A13}.Debug|x64.Build.0 = Debug|x64
		{BFF1AD5F-469C-4EBE-8C53-698DAE473A13}.Debug|x86.ActiveCfg = Debug|Win32
		{BFF1AD5F-469C-4EBE-8C53-698DAE473A13}.Debug|x86.Build.0 = Debug|Win32
		{BFF1AD5F-469C-4EBE-8C53-698DAE473A13}.Release|x64.ActiveCfg = Release|x64
		{BFF1AD5F-469C-4EBE-8C53-698DAE473A13}.Release|x64.Build.0 = Release|x64
		{BFF1AD5F-469C-4EBE-8C53-698DAE473A13}.Release|x86.ActiveCfg = Release|Win32
		{BFF1AD5F-469C-4EBE-8C53-698DAE473A13}.Release|x86.Build.0 = Release|Win32
		{3729E1B2-5D53-4AF0-9F65-CFF7BD2AF6AE}.Debug|x64.ActiveCfg = Debug|x64
		{3729E1B2-5D53-4AF0-9F65-CFF7BD2AF6AE}.Debug|x64.Build.0 = Debug|x64
		{3729E1B2-5D53-4AF0-9F65-CFF7BD2AF6AE}.Debug|x86.ActiveCfg = Debug|Win32
		{3729E1B2-5D53-4AF0-9F65-CFF7BD2AF6AE}.Debug|x86.Build.0 = Debug|Win32
		{3729E1B2-5D53-4AF0-9F65-CFF7BD2AF6AE}.Release|x64.ActiveCfg = Release|x64
		{3729E1B2-5D53-4AF0-9F65-CFF7BD2AF6AE}.Release|x64.Build.0 = Release|x64
		{3729E1B2-5D53-4AF0-9F65-CFF7BD2AF6AE}.Release|x86.ActiveCfg = Release|Win32
		{3729E1B2-5D53-4AF0-9F65-CFF7BD2AF6AE}.Release|x86.Build.0 = Release|Win32
	EndGlobalSection
	GlobalSection(SolutionProperties) = preSolution
		HideSolutionNode = FALSE
	EndGlobalSection
EndGlobal
