<?xml version="1.0" encoding="utf-8"?>
<Project ToolsVersion="4.0" xmlns="http://schemas.microsoft.com/developer/msbuild/2003">
  <ItemGroup>
    <Filter Include="Resource Files">
      <UniqueIdentifier>{67DA6AB6-F800-4c08-8B7A-83BB121AAD01}</UniqueIdentifier>
      <Extensions>rc;ico;cur;bmp;dlg;rc2;rct;bin;rgs;gif;jpg;jpeg;jpe;resx;tiff;tif;png;wav;mfcribbon-ms</Extensions>
    </Filter>
    <Filter Include="libimgui">
      <UniqueIdentifier>{383f7c33-9d3c-499b-9464-a3679358d0fa}</UniqueIdentifier>
    </Filter>
    <Filter Include="libimgui\platform">
      <UniqueIdentifier>{aa4c78b8-abaf-4cc0-af77-015d2cc342c6}</UniqueIdentifier>
    </Filter>
    <Filter Include="application">
      <UniqueIdentifier>{4FC737F1-C7A5-4376-A066-2A32D752A2FF}</UniqueIdentifier>
      <Extensions>cpp;c;cc;cxx;def;odl;idl;hpj;bat;asm;asmx</Extensions>
    </Filter>
  </ItemGroup>
  <ItemGroup>
    <None Include="texture.hlsl">
      <Filter>Resource Files</Filter>
    </None>
  </ItemGroup>
  <ItemGroup>
    <ClCompile Include="main.cpp">
      <Filter>application</Filter>
    </ClCompile>
    <ClCompile Include="..\..\tools\imgui\imgui.cpp">
      <Filter>libimgui</Filter>
    </ClCompile>
    <ClCompile Include="..\..\tools\imgui\imgui_demo.cpp">
      <Filter>libimgui</Filter>
    </ClCompile>
    <ClCompile Include="..\..\tools\imgui\imgui_draw.cpp">
      <Filter>libimgui</Filter>
    </ClCompile>
    <ClCompile Include="platform\imgui_impl_dx11.cpp">
      <Filter>libimgui\platform</Filter>
    </ClCompile>
    <ClCompile Include="platform\gk_imgui_app.cpp">
      <Filter>libimgui\platform</Filter>
    </ClCompile>
    <ClCompile Include="application.cpp">
      <Filter>application</Filter>
    </ClCompile>
    <ClCompile Include="platform\gk_window.cpp">
      <Filter>libimgui\platform</Filter>
    </ClCompile>
  </ItemGroup>
  <ItemGroup>
    <ClInclude Include="..\..\tools\imgui\imconfig.h">
      <Filter>libimgui</Filter>
    </ClInclude>
    <ClInclude Include="..\..\tools\imgui\imgui.h">
      <Filter>libimgui</Filter>
    </ClInclude>
    <ClInclude Include="..\..\tools\imgui\imgui_internal.h">
      <Filter>libimgui</Filter>
    </ClInclude>
    <ClInclude Include="platform\imgui_impl_dx11.h">
      <Filter>libimgui\platform</Filter>
    </ClInclude>
    <ClInclude Include="platform\gk_imgui_app.h">
      <Filter>libimgui\platform</Filter>
    </ClInclude>
    <ClInclude Include="application.h">
      <Filter>application</Filter>
    </ClInclude>
    <ClInclude Include="platform\gk_window.h">
      <Filter>libimgui\platform</Filter>
    </ClInclude>
  </ItemGroup>
</Project>