<?xml version="1.0" encoding="utf-8"?>
<Project ToolsVersion="4.0" xmlns="http://schemas.microsoft.com/developer/msbuild/2003">
  <ItemGroup>
    <FxCompile Include="..\assets\fx\fisheye.hlsl" />
    <FxCompile Include="..\assets\fx\flat.hlsl" />
    <FxCompile Include="..\assets\fx\fxaa.hlsl" />
    <FxCompile Include="..\assets\fx\postfx.hlsl" />
    <FxCompile Include="..\assets\fx\postfxEngine.hlsl" />
    <FxCompile Include="..\assets\fx\ssao.hlsl" />
    <FxCompile Include="..\assets\fx\texture.hlsl" />
    <FxCompile Include="..\assets\fx\vhstape.hlsl" />
  </ItemGroup>
</Project>