<?xml version="1.0" encoding="utf-8"?>
<Project ToolsVersion="4.0" xmlns="http://schemas.microsoft.com/developer/msbuild/2003">
  <ItemGroup>
    <Filter Include="Source Files">
      <UniqueIdentifier>{4FC737F1-C7A5-4376-A066-2A32D752A2FF}</UniqueIdentifier>
      <Extensions>cpp;c;cc;cxx;def;odl;idl;hpj;bat;asm;asmx</Extensions>
    </Filter>
    <Filter Include="Resource Files">
      <UniqueIdentifier>{67DA6AB6-F800-4c08-8B7A-83BB121AAD01}</UniqueIdentifier>
      <Extensions>rc;ico;cur;bmp;dlg;rc2;rct;bin;rgs;gif;jpg;jpeg;jpe;resx;tiff;tif;png;wav;mfcribbon-ms</Extensions>
    </Filter>
    <Filter Include="Source Files\core">
      <UniqueIdentifier>{0dc952d5-4de4-451d-b57d-c9b59ac5ab9d}</UniqueIdentifier>
    </Filter>
    <Filter Include="Source Files\render">
      <UniqueIdentifier>{ed290ede-e844-4f84-8cc1-dbd5389d8512}</UniqueIdentifier>
    </Filter>
    <Filter Include="BuiltInData">
      <UniqueIdentifier>{531e785a-b5d6-4267-86b3-6d582afc4556}</UniqueIdentifier>
    </Filter>
    <Filter Include="Source Files\math">
      <UniqueIdentifier>{aa94052d-8cdc-437a-8e54-d4885f1c0bcd}</UniqueIdentifier>
    </Filter>
    <Filter Include="Source Files\utils">
      <UniqueIdentifier>{fdc97d4b-3c8b-4298-b16b-24dbab2407c0}</UniqueIdentifier>
    </Filter>
  </ItemGroup>
  <ItemGroup>
    <None Include="texture.hlsl">
      <Filter>Resource Files</Filter>
    </None>
    <None Include="FWrender.cd" />
  </ItemGroup>
  <ItemGroup>
    <ClCompile Include="core\input.cpp">
      <Filter>Source Files\core</Filter>
    </ClCompile>
    <ClCompile Include="core\system.cpp">
      <Filter>Source Files\core</Filter>
    </ClCompile>
    <ClCompile Include="core\window.cpp">
      <Filter>Source Files\core</Filter>
    </ClCompile>
    <ClCompile Include="render\camera.cpp">
      <Filter>Source Files\render</Filter>
    </ClCompile>
    <ClCompile Include="render\effect.cpp">
      <Filter>Source Files\render</Filter>
    </ClCompile>
    <ClCompile Include="render\renderer.cpp">
      <Filter>Source Files\render</Filter>
    </ClCompile>
    <ClCompile Include="render\shader.cpp">
      <Filter>Source Files\render</Filter>
    </ClCompile>
    <ClCompile Include="render\texture.cpp">
      <Filter>Source Files\render</Filter>
    </ClCompile>
    <ClCompile Include="builtin_data\c64palette.cpp">
      <Filter>BuiltInData</Filter>
    </ClCompile>
    <ClCompile Include="builtin_data\cbm64font.cpp">
      <Filter>BuiltInData</Filter>
    </ClCompile>
    <ClCompile Include="builtin_data\cube.cpp">
      <Filter>BuiltInData</Filter>
    </ClCompile>
    <ClCompile Include="core\exceptions.cpp">
      <Filter>Source Files\core</Filter>
    </ClCompile>
    <ClCompile Include="core\memory_alloc.cpp">
      <Filter>Source Files\core</Filter>
    </ClCompile>
    <ClCompile Include="core\memory.cpp">
      <Filter>Source Files\core</Filter>
    </ClCompile>
    <ClCompile Include="render\Actor.cpp">
      <Filter>Source Files\render</Filter>
    </ClCompile>
    <ClCompile Include="render\mesh.cpp">
      <Filter>Source Files\render</Filter>
    </ClCompile>
    <ClCompile Include="render\model.cpp">
      <Filter>Source Files\render</Filter>
    </ClCompile>
    <ClCompile Include="utils\archive.cpp">
      <Filter>Source Files\utils</Filter>
    </ClCompile>
    <ClCompile Include="utils\persistent.cpp">
      <Filter>Source Files\utils</Filter>
    </ClCompile>
    <ClCompile Include="utils\tree.cpp">
      <Filter>Source Files\utils</Filter>
    </ClCompile>
    <ClCompile Include="utils\XML.cpp">
      <Filter>Source Files\utils</Filter>
    </ClCompile>
  </ItemGroup>
  <ItemGroup>
    <ClInclude Include="builtin_data\c64palette.h">
      <Filter>BuiltInData</Filter>
    </ClInclude>
    <ClInclude Include="builtin_data\cbm64Font.h">
      <Filter>BuiltInData</Filter>
    </ClInclude>
    <ClInclude Include="builtin_data\cube.h">
      <Filter>BuiltInData</Filter>
    </ClInclude>
    <ClInclude Include="render\Actor.h">
      <Filter>Source Files\render</Filter>
    </ClInclude>
    <ClInclude Include="render\camera.h">
      <Filter>Source Files\render</Filter>
    </ClInclude>
    <ClInclude Include="render\dxtypes.h">
      <Filter>Source Files\render</Filter>
    </ClInclude>
    <ClInclude Include="render\effect.h">
      <Filter>Source Files\render</Filter>
    </ClInclude>
    <ClInclude Include="render\mesh.h">
      <Filter>Source Files\render</Filter>
    </ClInclude>
    <ClInclude Include="render\model.h">
      <Filter>Source Files\render</Filter>
    </ClInclude>
    <ClInclude Include="render\renderer.h">
      <Filter>Source Files\render</Filter>
    </ClInclude>
    <ClInclude Include="render\shader.h">
      <Filter>Source Files\render</Filter>
    </ClInclude>
    <ClInclude Include="render\texture.h">
      <Filter>Source Files\render</Filter>
    </ClInclude>
    <ClInclude Include="math\matrix.h">
      <Filter>Source Files\math</Filter>
    </ClInclude>
    <ClInclude Include="core\exceptions.h">
      <Filter>Source Files\core</Filter>
    </ClInclude>
    <ClInclude Include="core\input.h">
      <Filter>Source Files\core</Filter>
    </ClInclude>
    <ClInclude Include="core\memory.h">
      <Filter>Source Files\core</Filter>
    </ClInclude>
    <ClInclude Include="core\memory_alloc.h">
      <Filter>Source Files\core</Filter>
    </ClInclude>
    <ClInclude Include="core\reference.h">
      <Filter>Source Files\core</Filter>
    </ClInclude>
    <ClInclude Include="core\system.h">
      <Filter>Source Files\core</Filter>
    </ClInclude>
    <ClInclude Include="core\window.h">
      <Filter>Source Files\core</Filter>
    </ClInclude>
    <ClInclude Include="utils\stringutils.h">
      <Filter>Source Files\utils</Filter>
    </ClInclude>
    <ClInclude Include="utils\archive.h">
      <Filter>Source Files\utils</Filter>
    </ClInclude>
    <ClInclude Include="utils\dynamics.h">
      <Filter>Source Files\utils</Filter>
    </ClInclude>
    <ClInclude Include="utils\persistent.h">
      <Filter>Source Files\utils</Filter>
    </ClInclude>
    <ClInclude Include="utils\tree.h">
      <Filter>Source Files\utils</Filter>
    </ClInclude>
    <ClInclude Include="utils\XML.h">
      <Filter>Source Files\utils</Filter>
    </ClInclude>
  </ItemGroup>
</Project>