<?xml version="1.0" encoding="utf-8"?>
<Project ToolsVersion="4.0" xmlns="http://schemas.microsoft.com/developer/msbuild/2003">
  <ItemGroup>
    <Filter Include="Source Files">
      <UniqueIdentifier>{4FC737F1-C7A5-4376-A066-2A32D752A2FF}</UniqueIdentifier>
      <Extensions>cpp;c;cc;cxx;def;odl;idl;hpj;bat;asm;asmx</Extensions>
    </Filter>
    <Filter Include="Resource Files">
      <UniqueIdentifier>{67DA6AB6-F800-4c08-8B7A-83BB121AAD01}</UniqueIdentifier>
      <Extensions>rc;ico;cur;bmp;dlg;rc2;rct;bin;rgs;gif;jpg;jpeg;jpe;resx;tiff;tif;png;wav;mfcribbon-ms</Extensions>
    </Filter>
    <Filter Include="Source Files\core">
      <UniqueIdentifier>{0dc952d5-4de4-451d-b57d-c9b59ac5ab9d}</UniqueIdentifier>
    </Filter>
    <Filter Include="Source Files\render">
      <UniqueIdentifier>{ed290ede-e844-4f84-8cc1-dbd5389d8512}</UniqueIdentifier>
    </Filter>
    <Filter Include="BuiltInData">
      <UniqueIdentifier>{531e785a-b5d6-4267-86b3-6d582afc4556}</UniqueIdentifier>
    </Filter>
    <Filter Include="Source Files\math">
      <UniqueIdentifier>{aa94052d-8cdc-437a-8e54-d4885f1c0bcd}</UniqueIdentifier>
    </Filter>
    <Filter Include="Source Files\generator">
      <UniqueIdentifier>{c9f4d9de-a7de-45f0-baac-1c34758722b8}</UniqueIdentifier>
    </Filter>
  </ItemGroup>
  <ItemGroup>
    <None Include="FWrender.cd" />
  </ItemGroup>
  <ItemGroup>
    <ClCompile Include="core\input.cpp">
      <Filter>Source Files\core</Filter>
    </ClCompile>
    <ClCompile Include="core\system.cpp">
      <Filter>Source Files\core</Filter>
    </ClCompile>
    <ClCompile Include="core\window.cpp">
      <Filter>Source Files\core</Filter>
    </ClCompile>
    <ClCompile Include="render\camera.cpp">
      <Filter>Source Files\render</Filter>
    </ClCompile>
    <ClCompile Include="render\effect.cpp">
      <Filter>Source Files\render</Filter>
    </ClCompile>
    <ClCompile Include="render\renderer.cpp">
      <Filter>Source Files\render</Filter>
    </ClCompile>
    <ClCompile Include="render\shader.cpp">
      <Filter>Source Files\render</Filter>
    </ClCompile>
    <ClCompile Include="render\texture.cpp">
      <Filter>Source Files\render</Filter>
    </ClCompile>
    <ClCompile Include="builtin_data\c64palette.cpp">
      <Filter>BuiltInData</Filter>
    </ClCompile>
    <ClCompile Include="builtin_data\cbm64font.cpp">
      <Filter>BuiltInData</Filter>
    </ClCompile>
    <ClCompile Include="builtin_data\cube.cpp">
      <Filter>BuiltInData</Filter>
    </ClCompile>
    <ClCompile Include="render\Actor.cpp">
      <Filter>Source Files\render</Filter>
    </ClCompile>
    <ClCompile Include="render\mesh.cpp">
      <Filter>Source Files\render</Filter>
    </ClCompile>
    <ClCompile Include="render\model.cpp">
      <Filter>Source Files\render</Filter>
    </ClCompile>
    <ClCompile Include="render\particle.cpp">
      <Filter>Source Files\render</Filter>
    </ClCompile>
    <ClCompile Include="render\text.cpp">
      <Filter>Source Files\render</Filter>
    </ClCompile>
    <ClCompile Include="generator\bmfont_parser.cpp">
      <Filter>Source Files\generator</Filter>
    </ClCompile>
    <ClCompile Include="core\renderassets.cpp">
      <Filter>Source Files\core</Filter>
    </ClCompile>
    <ClCompile Include="core\assets.cpp">
      <Filter>Source Files\core</Filter>
    </ClCompile>
    <ClCompile Include="generator\assimploader.cpp">
      <Filter>Source Files\generator</Filter>
    </ClCompile>
    <ClCompile Include="render\Material.cpp">
      <Filter>Source Files\render</Filter>
    </ClCompile>
    <ClCompile Include="core\AssetPreloader.cpp">
      <Filter>Source Files\core</Filter>
    </ClCompile>
    <ClCompile Include="render\Scene.cpp">
      <Filter>Source Files\render</Filter>
    </ClCompile>
    <ClCompile Include="render\Light.cpp">
      <Filter>Source Files\render</Filter>
    </ClCompile>
  </ItemGroup>
  <ItemGroup>
    <ClInclude Include="builtin_data\c64palette.h">
      <Filter>BuiltInData</Filter>
    </ClInclude>
    <ClInclude Include="builtin_data\cbm64Font.h">
      <Filter>BuiltInData</Filter>
    </ClInclude>
    <ClInclude Include="builtin_data\cube.h">
      <Filter>BuiltInData</Filter>
    </ClInclude>
    <ClInclude Include="render\Actor.h">
      <Filter>Source Files\render</Filter>
    </ClInclude>
    <ClInclude Include="render\camera.h">
      <Filter>Source Files\render</Filter>
    </ClInclude>
    <ClInclude Include="render\dxtypes.h">
      <Filter>Source Files\render</Filter>
    </ClInclude>
    <ClInclude Include="render\effect.h">
      <Filter>Source Files\render</Filter>
    </ClInclude>
    <ClInclude Include="render\mesh.h">
      <Filter>Source Files\render</Filter>
    </ClInclude>
    <ClInclude Include="render\model.h">
      <Filter>Source Files\render</Filter>
    </ClInclude>
    <ClInclude Include="render\renderer.h">
      <Filter>Source Files\render</Filter>
    </ClInclude>
    <ClInclude Include="render\shader.h">
      <Filter>Source Files\render</Filter>
    </ClInclude>
    <ClInclude Include="render\texture.h">
      <Filter>Source Files\render</Filter>
    </ClInclude>
    <ClInclude Include="math\matrix.h">
      <Filter>Source Files\math</Filter>
    </ClInclude>
    <ClInclude Include="core\input.h">
      <Filter>Source Files\core</Filter>
    </ClInclude>
    <ClInclude Include="core\system.h">
      <Filter>Source Files\core</Filter>
    </ClInclude>
    <ClInclude Include="core\window.h">
      <Filter>Source Files\core</Filter>
    </ClInclude>
    <ClInclude Include="render\particle.h">
      <Filter>Source Files\render</Filter>
    </ClInclude>
    <ClInclude Include="render\text.h">
      <Filter>Source Files\render</Filter>
    </ClInclude>
    <ClInclude Include="generator\bmfont_parser.h">
      <Filter>Source Files\generator</Filter>
    </ClInclude>
    <ClInclude Include="core\renderassets.h">
      <Filter>Source Files\core</Filter>
    </ClInclude>
    <ClInclude Include="core\assets.h">
      <Filter>Source Files\core</Filter>
    </ClInclude>
    <ClInclude Include="generator\assimploader.h">
      <Filter>Source Files\generator</Filter>
    </ClInclude>
    <ClInclude Include="render\Material.h">
      <Filter>Source Files\render</Filter>
    </ClInclude>
    <ClInclude Include="core\AssetPreloader.h">
      <Filter>Source Files\core</Filter>
    </ClInclude>
    <ClInclude Include="render\Scene.h">
      <Filter>Source Files\render</Filter>
    </ClInclude>
    <ClInclude Include="render\Light.h">
      <Filter>Source Files\render</Filter>
    </ClInclude>
  </ItemGroup>
</Project>