<?xml version="1.0" encoding="utf-8"?>
<Project ToolsVersion="4.0" xmlns="http://schemas.microsoft.com/developer/msbuild/2003">
  <ItemGroup>
    <Filter Include="Source Files">
      <UniqueIdentifier>{4FC737F1-C7A5-4376-A066-2A32D752A2FF}</UniqueIdentifier>
      <Extensions>cpp;c;cc;cxx;def;odl;idl;hpj;bat;asm;asmx</Extensions>
    </Filter>
    <Filter Include="Resource Files">
      <UniqueIdentifier>{67DA6AB6-F800-4c08-8B7A-83BB121AAD01}</UniqueIdentifier>
      <Extensions>rc;ico;cur;bmp;dlg;rc2;rct;bin;rgs;gif;jpg;jpeg;jpe;resx;tiff;tif;png;wav;mfcribbon-ms</Extensions>
    </Filter>
    <Filter Include="Source Files\core">
      <UniqueIdentifier>{0dc952d5-4de4-451d-b57d-c9b59ac5ab9d}</UniqueIdentifier>
    </Filter>
    <Filter Include="Source Files\render">
      <UniqueIdentifier>{ed290ede-e844-4f84-8cc1-dbd5389d8512}</UniqueIdentifier>
    </Filter>
    <Filter Include="BuiltInData">
      <UniqueIdentifier>{531e785a-b5d6-4267-86b3-6d582afc4556}</UniqueIdentifier>
    </Filter>
    <Filter Include="Source Files\math">
      <UniqueIdentifier>{aa94052d-8cdc-437a-8e54-d4885f1c0bcd}</UniqueIdentifier>
    </Filter>
    <Filter Include="Source Files\generator">
      <UniqueIdentifier>{c9f4d9de-a7de-45f0-baac-1c34758722b8}</UniqueIdentifier>
    </Filter>
    <Filter Include="Source Files\utils">
      <UniqueIdentifier>{9a87692b-f92c-4d4c-992b-25310a0c1ddd}</UniqueIdentifier>
    </Filter>
    <Filter Include="Source Files\valtracker">
      <UniqueIdentifier>{7470adac-da03-444a-b930-aaff6f3a0e94}</UniqueIdentifier>
    </Filter>
    <Filter Include="Source Files\valtracker\rocket">
      <UniqueIdentifier>{6bde4260-a312-485f-8b2b-974887b0f80f}</UniqueIdentifier>
    </Filter>
    <Filter Include="Source Files\utils\persistence">
      <UniqueIdentifier>{cc3b1e06-d364-4b29-8df7-bc0c025448b5}</UniqueIdentifier>
    </Filter>
  </ItemGroup>
  <ItemGroup>
    <None Include="FWrender.cd" />
  </ItemGroup>
  <ItemGroup>
    <ClCompile Include="core\input.cpp">
      <Filter>Source Files\core</Filter>
    </ClCompile>
    <ClCompile Include="core\system.cpp">
      <Filter>Source Files\core</Filter>
    </ClCompile>
    <ClCompile Include="core\window.cpp">
      <Filter>Source Files\core</Filter>
    </ClCompile>
    <ClCompile Include="render\camera.cpp">
      <Filter>Source Files\render</Filter>
    </ClCompile>
    <ClCompile Include="render\effect.cpp">
      <Filter>Source Files\render</Filter>
    </ClCompile>
    <ClCompile Include="render\renderer.cpp">
      <Filter>Source Files\render</Filter>
    </ClCompile>
    <ClCompile Include="render\shader.cpp">
      <Filter>Source Files\render</Filter>
    </ClCompile>
    <ClCompile Include="render\texture.cpp">
      <Filter>Source Files\render</Filter>
    </ClCompile>
    <ClCompile Include="builtin_data\cube.cpp">
      <Filter>BuiltInData</Filter>
    </ClCompile>
    <ClCompile Include="render\Actor.cpp">
      <Filter>Source Files\render</Filter>
    </ClCompile>
    <ClCompile Include="render\mesh.cpp">
      <Filter>Source Files\render</Filter>
    </ClCompile>
    <ClCompile Include="render\model.cpp">
      <Filter>Source Files\render</Filter>
    </ClCompile>
    <ClCompile Include="render\particle.cpp">
      <Filter>Source Files\render</Filter>
    </ClCompile>
    <ClCompile Include="render\text.cpp">
      <Filter>Source Files\render</Filter>
    </ClCompile>
    <ClCompile Include="render\Material.cpp">
      <Filter>Source Files\render</Filter>
    </ClCompile>
    <ClCompile Include="render\Scene.cpp">
      <Filter>Source Files\render</Filter>
    </ClCompile>
    <ClCompile Include="render\Light.cpp">
      <Filter>Source Files\render</Filter>
    </ClCompile>
    <ClCompile Include="core\ResourcePreloader.cpp">
      <Filter>Source Files\core</Filter>
    </ClCompile>
    <ClCompile Include="generator\TextureLoader.cpp">
      <Filter>Source Files\generator</Filter>
    </ClCompile>
    <ClCompile Include="generator\FontmapLoader.cpp">
      <Filter>Source Files\generator</Filter>
    </ClCompile>
    <ClCompile Include="generator\ShaderLoader.cpp">
      <Filter>Source Files\generator</Filter>
    </ClCompile>
    <ClCompile Include="stdafx.cpp">
      <Filter>Source Files</Filter>
    </ClCompile>
    <ClCompile Include="utils\AssetFactory.cpp">
      <Filter>Source Files\utils</Filter>
    </ClCompile>
    <ClCompile Include="utils\AssetFile.cpp">
      <Filter>Source Files\utils</Filter>
    </ClCompile>
    <ClCompile Include="utils\exceptions.cpp">
      <Filter>Source Files\utils</Filter>
    </ClCompile>
    <ClCompile Include="utils\logger.cpp">
      <Filter>Source Files\utils</Filter>
    </ClCompile>
    <ClCompile Include="utils\ResourceBuilder.cpp">
      <Filter>Source Files\utils</Filter>
    </ClCompile>
    <ClCompile Include="utils\ResourceManager.cpp">
      <Filter>Source Files\utils</Filter>
    </ClCompile>
    <ClCompile Include="utils\struct_pack.cpp">
      <Filter>Source Files\utils</Filter>
    </ClCompile>
    <ClCompile Include="valtracker\valtracker.cpp">
      <Filter>Source Files\valtracker</Filter>
    </ClCompile>
    <ClCompile Include="valtracker\rocket\device.c">
      <Filter>Source Files\valtracker\rocket</Filter>
    </ClCompile>
    <ClCompile Include="valtracker\rocket\track.c">
      <Filter>Source Files\valtracker\rocket</Filter>
    </ClCompile>
    <ClCompile Include="core\Music.cpp">
      <Filter>Source Files\core</Filter>
    </ClCompile>
    <ClCompile Include="core\thread_win32.cpp">
      <Filter>Source Files\core</Filter>
    </ClCompile>
    <ClCompile Include="utils\memory.cpp">
      <Filter>Source Files\utils</Filter>
    </ClCompile>
    <ClCompile Include="generator\MusicBassLoader.cpp">
      <Filter>Source Files\generator</Filter>
    </ClCompile>
    <ClCompile Include="render\animation.cpp">
      <Filter>Source Files\render</Filter>
    </ClCompile>
    <ClCompile Include="utils\persistence\archive.cpp">
      <Filter>Source Files\utils\persistence</Filter>
    </ClCompile>
    <ClCompile Include="utils\persistence\persistence.cpp">
      <Filter>Source Files\utils\persistence</Filter>
    </ClCompile>
    <ClCompile Include="utils\resource.cpp">
      <Filter>Source Files\utils</Filter>
    </ClCompile>
    <ClCompile Include="generator\SceneLoader.cpp">
      <Filter>Source Files\generator</Filter>
    </ClCompile>
  </ItemGroup>
  <ItemGroup>
    <ClInclude Include="builtin_data\cube.h">
      <Filter>BuiltInData</Filter>
    </ClInclude>
    <ClInclude Include="render\Actor.h">
      <Filter>Source Files\render</Filter>
    </ClInclude>
    <ClInclude Include="render\camera.h">
      <Filter>Source Files\render</Filter>
    </ClInclude>
    <ClInclude Include="render\dxtypes.h">
      <Filter>Source Files\render</Filter>
    </ClInclude>
    <ClInclude Include="render\effect.h">
      <Filter>Source Files\render</Filter>
    </ClInclude>
    <ClInclude Include="render\mesh.h">
      <Filter>Source Files\render</Filter>
    </ClInclude>
    <ClInclude Include="render\model.h">
      <Filter>Source Files\render</Filter>
    </ClInclude>
    <ClInclude Include="render\renderer.h">
      <Filter>Source Files\render</Filter>
    </ClInclude>
    <ClInclude Include="render\shader.h">
      <Filter>Source Files\render</Filter>
    </ClInclude>
    <ClInclude Include="render\texture.h">
      <Filter>Source Files\render</Filter>
    </ClInclude>
    <ClInclude Include="math\matrix.h">
      <Filter>Source Files\math</Filter>
    </ClInclude>
    <ClInclude Include="core\input.h">
      <Filter>Source Files\core</Filter>
    </ClInclude>
    <ClInclude Include="core\system.h">
      <Filter>Source Files\core</Filter>
    </ClInclude>
    <ClInclude Include="core\window.h">
      <Filter>Source Files\core</Filter>
    </ClInclude>
    <ClInclude Include="render\particle.h">
      <Filter>Source Files\render</Filter>
    </ClInclude>
    <ClInclude Include="render\text.h">
      <Filter>Source Files\render</Filter>
    </ClInclude>
    <ClInclude Include="render\Material.h">
      <Filter>Source Files\render</Filter>
    </ClInclude>
    <ClInclude Include="render\Scene.h">
      <Filter>Source Files\render</Filter>
    </ClInclude>
    <ClInclude Include="render\Light.h">
      <Filter>Source Files\render</Filter>
    </ClInclude>
    <ClInclude Include="core\ResourcePreloader.h">
      <Filter>Source Files\core</Filter>
    </ClInclude>
    <ClInclude Include="generator\TextureLoader.h">
      <Filter>Source Files\generator</Filter>
    </ClInclude>
    <ClInclude Include="generator\FontmapLoader.h">
      <Filter>Source Files\generator</Filter>
    </ClInclude>
    <ClInclude Include="generator\ShaderLoader.h">
      <Filter>Source Files\generator</Filter>
    </ClInclude>
    <ClInclude Include="stdafx.h">
      <Filter>Source Files</Filter>
    </ClInclude>
    <ClInclude Include="utils\asset.h">
      <Filter>Source Files\utils</Filter>
    </ClInclude>
    <ClInclude Include="utils\AssetFactory.h">
      <Filter>Source Files\utils</Filter>
    </ClInclude>
    <ClInclude Include="utils\AssetFile.h">
      <Filter>Source Files\utils</Filter>
    </ClInclude>
    <ClInclude Include="utils\dirent.h">
      <Filter>Source Files\utils</Filter>
    </ClInclude>
    <ClInclude Include="utils\exceptions.h">
      <Filter>Source Files\utils</Filter>
    </ClInclude>
    <ClInclude Include="utils\logger.h">
      <Filter>Source Files\utils</Filter>
    </ClInclude>
    <ClInclude Include="utils\reference.h">
      <Filter>Source Files\utils</Filter>
    </ClInclude>
    <ClInclude Include="utils\resource.h">
      <Filter>Source Files\utils</Filter>
    </ClInclude>
    <ClInclude Include="utils\ResourceBuilder.h">
      <Filter>Source Files\utils</Filter>
    </ClInclude>
    <ClInclude Include="utils\ResourceManager.h">
      <Filter>Source Files\utils</Filter>
    </ClInclude>
    <ClInclude Include="utils\struct_pack.h">
      <Filter>Source Files\utils</Filter>
    </ClInclude>
    <ClInclude Include="valtracker\valtracker.h">
      <Filter>Source Files\valtracker</Filter>
    </ClInclude>
    <ClInclude Include="valtracker\rocket\base.h">
      <Filter>Source Files\valtracker\rocket</Filter>
    </ClInclude>
    <ClInclude Include="valtracker\rocket\device.h">
      <Filter>Source Files\valtracker\rocket</Filter>
    </ClInclude>
    <ClInclude Include="valtracker\rocket\sync.h">
      <Filter>Source Files\valtracker\rocket</Filter>
    </ClInclude>
    <ClInclude Include="valtracker\rocket\track.h">
      <Filter>Source Files\valtracker\rocket</Filter>
    </ClInclude>
    <ClInclude Include="core\Music.h">
      <Filter>Source Files\core</Filter>
    </ClInclude>
    <ClInclude Include="core\thread.h">
      <Filter>Source Files\core</Filter>
    </ClInclude>
    <ClInclude Include="core\livereload.h">
      <Filter>Source Files\core</Filter>
    </ClInclude>
    <ClInclude Include="core\archetype.h">
      <Filter>Source Files\core</Filter>
    </ClInclude>
    <ClInclude Include="utils\memory.h">
      <Filter>Source Files\utils</Filter>
    </ClInclude>
    <ClInclude Include="generator\MusicBassLoader.h">
      <Filter>Source Files\generator</Filter>
    </ClInclude>
    <ClInclude Include="math\quaternion.h">
      <Filter>Source Files\math</Filter>
    </ClInclude>
    <ClInclude Include="render\animation.h">
      <Filter>Source Files\render</Filter>
    </ClInclude>
    <ClInclude Include="utils\persistence\archive.h">
      <Filter>Source Files\utils\persistence</Filter>
    </ClInclude>
    <ClInclude Include="utils\persistence\dynamics.h">
      <Filter>Source Files\utils\persistence</Filter>
    </ClInclude>
    <ClInclude Include="utils\persistence\persistence.h">
      <Filter>Source Files\utils\persistence</Filter>
    </ClInclude>
    <ClInclude Include="generator\SceneLoader.h">
      <Filter>Source Files\generator</Filter>
    </ClInclude>
  </ItemGroup>
</Project>